// !$*UTF8*$!
{
	archiveVersion = 1;
	classes = {
	};
	objectVersion = 50;
	objects = {

/* Begin PBXBuildFile section */
		64F2F9F6A71DED717C7634C2 /* Pods_bookExchangeAppTests.framework in Frameworks */ = {isa = PBXBuildFile; fileRef = 484BB86CD3F1BC432AD90457 /* Pods_bookExchangeAppTests.framework */; };
		A306FEB721A44AE1003F2394 /* AccountTableViewController.swift in Sources */ = {isa = PBXBuildFile; fileRef = A306FEB621A44AE1003F2394 /* AccountTableViewController.swift */; };
		A318CC2321A8DF3300FF5468 /* AddNewBookViewController.swift in Sources */ = {isa = PBXBuildFile; fileRef = A318CC2221A8DF3300FF5468 /* AddNewBookViewController.swift */; };
		A3818E0A21AABBD40037F71A /* NotificationTableViewController.swift in Sources */ = {isa = PBXBuildFile; fileRef = A3818E0921AABBD40037F71A /* NotificationTableViewController.swift */; };
		A3A9D29421AC00A600B1D785 /* searchBookViewController.swift in Sources */ = {isa = PBXBuildFile; fileRef = A3A9D29321AC00A600B1D785 /* searchBookViewController.swift */; };
		A776F64FC85CBE114B33E43F /* Pods_bookExchangeAppUITests.framework in Frameworks */ = {isa = PBXBuildFile; fileRef = 2E3C669A92CD41E8DE3CE67E /* Pods_bookExchangeAppUITests.framework */; };
		C72C5F72219D8E7B00D3BA08 /* AppDelegate.swift in Sources */ = {isa = PBXBuildFile; fileRef = C72C5F71219D8E7B00D3BA08 /* AppDelegate.swift */; };
		C72C5F79219D8E7B00D3BA08 /* Main.storyboard in Resources */ = {isa = PBXBuildFile; fileRef = C72C5F77219D8E7B00D3BA08 /* Main.storyboard */; };
		C72C5F7B219D8E7E00D3BA08 /* Assets.xcassets in Resources */ = {isa = PBXBuildFile; fileRef = C72C5F7A219D8E7E00D3BA08 /* Assets.xcassets */; };
		C72C5F7E219D8E7E00D3BA08 /* LaunchScreen.storyboard in Resources */ = {isa = PBXBuildFile; fileRef = C72C5F7C219D8E7E00D3BA08 /* LaunchScreen.storyboard */; };
		C72C5F89219D8E7E00D3BA08 /* bookExchangeAppTests.swift in Sources */ = {isa = PBXBuildFile; fileRef = C72C5F88219D8E7E00D3BA08 /* bookExchangeAppTests.swift */; };
		C72C5F94219D8E7E00D3BA08 /* bookExchangeAppUITests.swift in Sources */ = {isa = PBXBuildFile; fileRef = C72C5F93219D8E7E00D3BA08 /* bookExchangeAppUITests.swift */; };
		C72C5FA2219D905800D3BA08 /* BookTableViewController.swift in Sources */ = {isa = PBXBuildFile; fileRef = C72C5FA1219D905800D3BA08 /* BookTableViewController.swift */; };
		C72C5FA4219D94FC00D3BA08 /* EventTableViewController.swift in Sources */ = {isa = PBXBuildFile; fileRef = C72C5FA3219D94FC00D3BA08 /* EventTableViewController.swift */; };
		C74D507321A962F600558F62 /* CommentTableViewController.swift in Sources */ = {isa = PBXBuildFile; fileRef = C74D507221A962F600558F62 /* CommentTableViewController.swift */; };
		C7A5B1AD21A57042001BDA67 /* BookDetailViewController.swift in Sources */ = {isa = PBXBuildFile; fileRef = C7A5B1AC21A57042001BDA67 /* BookDetailViewController.swift */; };
		C7A5B1AF21A57BBD001BDA67 /* EventDetailViewController.swift in Sources */ = {isa = PBXBuildFile; fileRef = C7A5B1AE21A57BBD001BDA67 /* EventDetailViewController.swift */; };
		C7A5B1B121A5814A001BDA67 /* MapViewController.swift in Sources */ = {isa = PBXBuildFile; fileRef = C7A5B1B021A5814A001BDA67 /* MapViewController.swift */; };
		CD68255121A7A197006D6765 /* BookListTableViewController.swift in Sources */ = {isa = PBXBuildFile; fileRef = CD68255021A7A197006D6765 /* BookListTableViewController.swift */; };
		CD68255321A7A2D3006D6765 /* LoginViewController.swift in Sources */ = {isa = PBXBuildFile; fileRef = CD68255221A7A2D3006D6765 /* LoginViewController.swift */; };
		CDBD6453219E7D1500B238F6 /* GoogleService-Info.plist in Resources */ = {isa = PBXBuildFile; fileRef = CDBD6452219E7D1500B238F6 /* GoogleService-Info.plist */; };
		DB2F73CDF96722C93790CEAE /* Pods_bookExchangeApp.framework in Frameworks */ = {isa = PBXBuildFile; fileRef = DD50874D5E00B188F6413381 /* Pods_bookExchangeApp.framework */; };
/* End PBXBuildFile section */

/* Begin PBXContainerItemProxy section */
		C72C5F85219D8E7E00D3BA08 /* PBXContainerItemProxy */ = {
			isa = PBXContainerItemProxy;
			containerPortal = C72C5F66219D8E7B00D3BA08 /* Project object */;
			proxyType = 1;
			remoteGlobalIDString = C72C5F6D219D8E7B00D3BA08;
			remoteInfo = bookExchangeApp;
		};
		C72C5F90219D8E7E00D3BA08 /* PBXContainerItemProxy */ = {
			isa = PBXContainerItemProxy;
			containerPortal = C72C5F66219D8E7B00D3BA08 /* Project object */;
			proxyType = 1;
			remoteGlobalIDString = C72C5F6D219D8E7B00D3BA08;
			remoteInfo = bookExchangeApp;
		};
/* End PBXContainerItemProxy section */

/* Begin PBXFileReference section */
		169E12D62B6DAC2BBE12C9EC /* Pods-bookExchangeAppUITests.release.xcconfig */ = {isa = PBXFileReference; includeInIndex = 1; lastKnownFileType = text.xcconfig; name = "Pods-bookExchangeAppUITests.release.xcconfig"; path = "Pods/Target Support Files/Pods-bookExchangeAppUITests/Pods-bookExchangeAppUITests.release.xcconfig"; sourceTree = "<group>"; };
		1951B5D441523E723ACDEDAE /* Pods-bookExchangeAppTests.debug.xcconfig */ = {isa = PBXFileReference; includeInIndex = 1; lastKnownFileType = text.xcconfig; name = "Pods-bookExchangeAppTests.debug.xcconfig"; path = "Pods/Target Support Files/Pods-bookExchangeAppTests/Pods-bookExchangeAppTests.debug.xcconfig"; sourceTree = "<group>"; };
		22C5A0CFEDA84BE2AE30A532 /* Pods-bookExchangeAppUITests.debug.xcconfig */ = {isa = PBXFileReference; includeInIndex = 1; lastKnownFileType = text.xcconfig; name = "Pods-bookExchangeAppUITests.debug.xcconfig"; path = "Pods/Target Support Files/Pods-bookExchangeAppUITests/Pods-bookExchangeAppUITests.debug.xcconfig"; sourceTree = "<group>"; };
		2E3C669A92CD41E8DE3CE67E /* Pods_bookExchangeAppUITests.framework */ = {isa = PBXFileReference; explicitFileType = wrapper.framework; includeInIndex = 0; path = Pods_bookExchangeAppUITests.framework; sourceTree = BUILT_PRODUCTS_DIR; };
		484BB86CD3F1BC432AD90457 /* Pods_bookExchangeAppTests.framework */ = {isa = PBXFileReference; explicitFileType = wrapper.framework; includeInIndex = 0; path = Pods_bookExchangeAppTests.framework; sourceTree = BUILT_PRODUCTS_DIR; };
		488CCD8084BC1D3E21A6482D /* Pods-bookExchangeApp.debug.xcconfig */ = {isa = PBXFileReference; includeInIndex = 1; lastKnownFileType = text.xcconfig; name = "Pods-bookExchangeApp.debug.xcconfig"; path = "Pods/Target Support Files/Pods-bookExchangeApp/Pods-bookExchangeApp.debug.xcconfig"; sourceTree = "<group>"; };
		A306FEB621A44AE1003F2394 /* AccountTableViewController.swift */ = {isa = PBXFileReference; lastKnownFileType = sourcecode.swift; path = AccountTableViewController.swift; sourceTree = "<group>"; };
		A318CC2221A8DF3300FF5468 /* AddNewBookViewController.swift */ = {isa = PBXFileReference; lastKnownFileType = sourcecode.swift; path = AddNewBookViewController.swift; sourceTree = "<group>"; };
		A34351E821AAB3A200711D4C /* bookExchangeApp.entitlements */ = {isa = PBXFileReference; lastKnownFileType = text.plist.entitlements; path = bookExchangeApp.entitlements; sourceTree = "<group>"; };
		A3818E0921AABBD40037F71A /* NotificationTableViewController.swift */ = {isa = PBXFileReference; lastKnownFileType = sourcecode.swift; path = NotificationTableViewController.swift; sourceTree = "<group>"; };
		A3A9D29321AC00A600B1D785 /* searchBookViewController.swift */ = {isa = PBXFileReference; lastKnownFileType = sourcecode.swift; path = searchBookViewController.swift; sourceTree = "<group>"; };
		B769C1B0A493C1E1C7406B1A /* Pods-bookExchangeAppTests.release.xcconfig */ = {isa = PBXFileReference; includeInIndex = 1; lastKnownFileType = text.xcconfig; name = "Pods-bookExchangeAppTests.release.xcconfig"; path = "Pods/Target Support Files/Pods-bookExchangeAppTests/Pods-bookExchangeAppTests.release.xcconfig"; sourceTree = "<group>"; };
		B9DF8C0D4685C5DD782BC9FD /* Pods-bookExchangeApp.release.xcconfig */ = {isa = PBXFileReference; includeInIndex = 1; lastKnownFileType = text.xcconfig; name = "Pods-bookExchangeApp.release.xcconfig"; path = "Pods/Target Support Files/Pods-bookExchangeApp/Pods-bookExchangeApp.release.xcconfig"; sourceTree = "<group>"; };
		C72C5F6E219D8E7B00D3BA08 /* bookExchangeApp.app */ = {isa = PBXFileReference; explicitFileType = wrapper.application; includeInIndex = 0; path = bookExchangeApp.app; sourceTree = BUILT_PRODUCTS_DIR; };
		C72C5F71219D8E7B00D3BA08 /* AppDelegate.swift */ = {isa = PBXFileReference; lastKnownFileType = sourcecode.swift; path = AppDelegate.swift; sourceTree = "<group>"; };
		C72C5F78219D8E7B00D3BA08 /* Base */ = {isa = PBXFileReference; lastKnownFileType = file.storyboard; name = Base; path = Base.lproj/Main.storyboard; sourceTree = "<group>"; };
		C72C5F7A219D8E7E00D3BA08 /* Assets.xcassets */ = {isa = PBXFileReference; lastKnownFileType = folder.assetcatalog; path = Assets.xcassets; sourceTree = "<group>"; };
		C72C5F7D219D8E7E00D3BA08 /* Base */ = {isa = PBXFileReference; lastKnownFileType = file.storyboard; name = Base; path = Base.lproj/LaunchScreen.storyboard; sourceTree = "<group>"; };
		C72C5F7F219D8E7E00D3BA08 /* Info.plist */ = {isa = PBXFileReference; lastKnownFileType = text.plist.xml; path = Info.plist; sourceTree = "<group>"; };
		C72C5F84219D8E7E00D3BA08 /* bookExchangeAppTests.xctest */ = {isa = PBXFileReference; explicitFileType = wrapper.cfbundle; includeInIndex = 0; path = bookExchangeAppTests.xctest; sourceTree = BUILT_PRODUCTS_DIR; };
		C72C5F88219D8E7E00D3BA08 /* bookExchangeAppTests.swift */ = {isa = PBXFileReference; lastKnownFileType = sourcecode.swift; path = bookExchangeAppTests.swift; sourceTree = "<group>"; };
		C72C5F8A219D8E7E00D3BA08 /* Info.plist */ = {isa = PBXFileReference; lastKnownFileType = text.plist.xml; path = Info.plist; sourceTree = "<group>"; };
		C72C5F8F219D8E7E00D3BA08 /* bookExchangeAppUITests.xctest */ = {isa = PBXFileReference; explicitFileType = wrapper.cfbundle; includeInIndex = 0; path = bookExchangeAppUITests.xctest; sourceTree = BUILT_PRODUCTS_DIR; };
		C72C5F93219D8E7E00D3BA08 /* bookExchangeAppUITests.swift */ = {isa = PBXFileReference; lastKnownFileType = sourcecode.swift; path = bookExchangeAppUITests.swift; sourceTree = "<group>"; };
		C72C5F95219D8E7E00D3BA08 /* Info.plist */ = {isa = PBXFileReference; lastKnownFileType = text.plist.xml; path = Info.plist; sourceTree = "<group>"; };
		C72C5FA1219D905800D3BA08 /* BookTableViewController.swift */ = {isa = PBXFileReference; lastKnownFileType = sourcecode.swift; path = BookTableViewController.swift; sourceTree = "<group>"; };
		C72C5FA3219D94FC00D3BA08 /* EventTableViewController.swift */ = {isa = PBXFileReference; lastKnownFileType = sourcecode.swift; path = EventTableViewController.swift; sourceTree = "<group>"; };
		C74D507221A962F600558F62 /* CommentTableViewController.swift */ = {isa = PBXFileReference; lastKnownFileType = sourcecode.swift; path = CommentTableViewController.swift; sourceTree = "<group>"; };
		C7A5B1AC21A57042001BDA67 /* BookDetailViewController.swift */ = {isa = PBXFileReference; lastKnownFileType = sourcecode.swift; path = BookDetailViewController.swift; sourceTree = "<group>"; };
		C7A5B1AE21A57BBD001BDA67 /* EventDetailViewController.swift */ = {isa = PBXFileReference; lastKnownFileType = sourcecode.swift; path = EventDetailViewController.swift; sourceTree = "<group>"; };
		C7A5B1B021A5814A001BDA67 /* MapViewController.swift */ = {isa = PBXFileReference; lastKnownFileType = sourcecode.swift; path = MapViewController.swift; sourceTree = "<group>"; };
		CD68255021A7A197006D6765 /* BookListTableViewController.swift */ = {isa = PBXFileReference; lastKnownFileType = sourcecode.swift; path = BookListTableViewController.swift; sourceTree = "<group>"; };
		CD68255221A7A2D3006D6765 /* LoginViewController.swift */ = {isa = PBXFileReference; lastKnownFileType = sourcecode.swift; path = LoginViewController.swift; sourceTree = "<group>"; };
		CDBD6452219E7D1500B238F6 /* GoogleService-Info.plist */ = {isa = PBXFileReference; fileEncoding = 4; lastKnownFileType = text.plist.xml; path = "GoogleService-Info.plist"; sourceTree = "<group>"; };
		DD50874D5E00B188F6413381 /* Pods_bookExchangeApp.framework */ = {isa = PBXFileReference; explicitFileType = wrapper.framework; includeInIndex = 0; path = Pods_bookExchangeApp.framework; sourceTree = BUILT_PRODUCTS_DIR; };
/* End PBXFileReference section */

/* Begin PBXFrameworksBuildPhase section */
		C72C5F6B219D8E7B00D3BA08 /* Frameworks */ = {
			isa = PBXFrameworksBuildPhase;
			buildActionMask = 2147483647;
			files = (
				DB2F73CDF96722C93790CEAE /* Pods_bookExchangeApp.framework in Frameworks */,
			);
			runOnlyForDeploymentPostprocessing = 0;
		};
		C72C5F81219D8E7E00D3BA08 /* Frameworks */ = {
			isa = PBXFrameworksBuildPhase;
			buildActionMask = 2147483647;
			files = (
				64F2F9F6A71DED717C7634C2 /* Pods_bookExchangeAppTests.framework in Frameworks */,
			);
			runOnlyForDeploymentPostprocessing = 0;
		};
		C72C5F8C219D8E7E00D3BA08 /* Frameworks */ = {
			isa = PBXFrameworksBuildPhase;
			buildActionMask = 2147483647;
			files = (
				A776F64FC85CBE114B33E43F /* Pods_bookExchangeAppUITests.framework in Frameworks */,
			);
			runOnlyForDeploymentPostprocessing = 0;
		};
/* End PBXFrameworksBuildPhase section */

/* Begin PBXGroup section */
		407EFAA039E9FBBB617E10A1 /* Pods */ = {
			isa = PBXGroup;
			children = (
				488CCD8084BC1D3E21A6482D /* Pods-bookExchangeApp.debug.xcconfig */,
				B9DF8C0D4685C5DD782BC9FD /* Pods-bookExchangeApp.release.xcconfig */,
				1951B5D441523E723ACDEDAE /* Pods-bookExchangeAppTests.debug.xcconfig */,
				B769C1B0A493C1E1C7406B1A /* Pods-bookExchangeAppTests.release.xcconfig */,
				22C5A0CFEDA84BE2AE30A532 /* Pods-bookExchangeAppUITests.debug.xcconfig */,
				169E12D62B6DAC2BBE12C9EC /* Pods-bookExchangeAppUITests.release.xcconfig */,
			);
			name = Pods;
			sourceTree = "<group>";
		};
		85F8A5526AF137D7D5C82DB6 /* Frameworks */ = {
			isa = PBXGroup;
			children = (
				DD50874D5E00B188F6413381 /* Pods_bookExchangeApp.framework */,
				484BB86CD3F1BC432AD90457 /* Pods_bookExchangeAppTests.framework */,
				2E3C669A92CD41E8DE3CE67E /* Pods_bookExchangeAppUITests.framework */,
			);
			name = Frameworks;
			sourceTree = "<group>";
		};
		C72C5F65219D8E7B00D3BA08 = {
			isa = PBXGroup;
			children = (
				C72C5F70219D8E7B00D3BA08 /* bookExchangeApp */,
				C72C5F87219D8E7E00D3BA08 /* bookExchangeAppTests */,
				C72C5F92219D8E7E00D3BA08 /* bookExchangeAppUITests */,
				C72C5F6F219D8E7B00D3BA08 /* Products */,
				407EFAA039E9FBBB617E10A1 /* Pods */,
				85F8A5526AF137D7D5C82DB6 /* Frameworks */,
			);
			sourceTree = "<group>";
		};
		C72C5F6F219D8E7B00D3BA08 /* Products */ = {
			isa = PBXGroup;
			children = (
				C72C5F6E219D8E7B00D3BA08 /* bookExchangeApp.app */,
				C72C5F84219D8E7E00D3BA08 /* bookExchangeAppTests.xctest */,
				C72C5F8F219D8E7E00D3BA08 /* bookExchangeAppUITests.xctest */,
			);
			name = Products;
			sourceTree = "<group>";
		};
		C72C5F70219D8E7B00D3BA08 /* bookExchangeApp */ = {
			isa = PBXGroup;
			children = (
				A34351E821AAB3A200711D4C /* bookExchangeApp.entitlements */,
				C72C5F71219D8E7B00D3BA08 /* AppDelegate.swift */,
				C72C5FA1219D905800D3BA08 /* BookTableViewController.swift */,
				C72C5FA3219D94FC00D3BA08 /* EventTableViewController.swift */,
				C72C5F77219D8E7B00D3BA08 /* Main.storyboard */,
				C74D507221A962F600558F62 /* CommentTableViewController.swift */,
				C7A5B1AE21A57BBD001BDA67 /* EventDetailViewController.swift */,
				C7A5B1AC21A57042001BDA67 /* BookDetailViewController.swift */,
				C72C5F7A219D8E7E00D3BA08 /* Assets.xcassets */,
				C72C5F7C219D8E7E00D3BA08 /* LaunchScreen.storyboard */,
				C72C5F7F219D8E7E00D3BA08 /* Info.plist */,
				CDBD6452219E7D1500B238F6 /* GoogleService-Info.plist */,
				A306FEB621A44AE1003F2394 /* AccountTableViewController.swift */,
				C7A5B1B021A5814A001BDA67 /* MapViewController.swift */,
				CD68255021A7A197006D6765 /* BookListTableViewController.swift */,
				CD68255221A7A2D3006D6765 /* LoginViewController.swift */,
				A318CC2221A8DF3300FF5468 /* AddNewBookViewController.swift */,
				A3818E0921AABBD40037F71A /* NotificationTableViewController.swift */,
				A3A9D29321AC00A600B1D785 /* searchBookViewController.swift */,
			);
			path = bookExchangeApp;
			sourceTree = "<group>";
		};
		C72C5F87219D8E7E00D3BA08 /* bookExchangeAppTests */ = {
			isa = PBXGroup;
			children = (
				C72C5F88219D8E7E00D3BA08 /* bookExchangeAppTests.swift */,
				C72C5F8A219D8E7E00D3BA08 /* Info.plist */,
			);
			path = bookExchangeAppTests;
			sourceTree = "<group>";
		};
		C72C5F92219D8E7E00D3BA08 /* bookExchangeAppUITests */ = {
			isa = PBXGroup;
			children = (
				C72C5F93219D8E7E00D3BA08 /* bookExchangeAppUITests.swift */,
				C72C5F95219D8E7E00D3BA08 /* Info.plist */,
			);
			path = bookExchangeAppUITests;
			sourceTree = "<group>";
		};
/* End PBXGroup section */

/* Begin PBXNativeTarget section */
		C72C5F6D219D8E7B00D3BA08 /* bookExchangeApp */ = {
			isa = PBXNativeTarget;
			buildConfigurationList = C72C5F98219D8E7E00D3BA08 /* Build configuration list for PBXNativeTarget "bookExchangeApp" */;
			buildPhases = (
				E151299D11062C145179B7EB /* [CP] Check Pods Manifest.lock */,
				C72C5F6A219D8E7B00D3BA08 /* Sources */,
				C72C5F6B219D8E7B00D3BA08 /* Frameworks */,
				C72C5F6C219D8E7B00D3BA08 /* Resources */,
				82A961F1EC9DBD702EE2CE53 /* [CP] Embed Pods Frameworks */,
			);
			buildRules = (
			);
			dependencies = (
			);
			name = bookExchangeApp;
			productName = bookExchangeApp;
			productReference = C72C5F6E219D8E7B00D3BA08 /* bookExchangeApp.app */;
			productType = "com.apple.product-type.application";
		};
		C72C5F83219D8E7E00D3BA08 /* bookExchangeAppTests */ = {
			isa = PBXNativeTarget;
			buildConfigurationList = C72C5F9B219D8E7E00D3BA08 /* Build configuration list for PBXNativeTarget "bookExchangeAppTests" */;
			buildPhases = (
				786576EF128EEC9A8D90AC0A /* [CP] Check Pods Manifest.lock */,
				C72C5F80219D8E7E00D3BA08 /* Sources */,
				C72C5F81219D8E7E00D3BA08 /* Frameworks */,
				C72C5F82219D8E7E00D3BA08 /* Resources */,
			);
			buildRules = (
			);
			dependencies = (
				C72C5F86219D8E7E00D3BA08 /* PBXTargetDependency */,
			);
			name = bookExchangeAppTests;
			productName = bookExchangeAppTests;
			productReference = C72C5F84219D8E7E00D3BA08 /* bookExchangeAppTests.xctest */;
			productType = "com.apple.product-type.bundle.unit-test";
		};
		C72C5F8E219D8E7E00D3BA08 /* bookExchangeAppUITests */ = {
			isa = PBXNativeTarget;
			buildConfigurationList = C72C5F9E219D8E7E00D3BA08 /* Build configuration list for PBXNativeTarget "bookExchangeAppUITests" */;
			buildPhases = (
				F641BCAEC7CBEC36C25F46F9 /* [CP] Check Pods Manifest.lock */,
				C72C5F8B219D8E7E00D3BA08 /* Sources */,
				C72C5F8C219D8E7E00D3BA08 /* Frameworks */,
				C72C5F8D219D8E7E00D3BA08 /* Resources */,
			);
			buildRules = (
			);
			dependencies = (
				C72C5F91219D8E7E00D3BA08 /* PBXTargetDependency */,
			);
			name = bookExchangeAppUITests;
			productName = bookExchangeAppUITests;
			productReference = C72C5F8F219D8E7E00D3BA08 /* bookExchangeAppUITests.xctest */;
			productType = "com.apple.product-type.bundle.ui-testing";
		};
/* End PBXNativeTarget section */

/* Begin PBXProject section */
		C72C5F66219D8E7B00D3BA08 /* Project object */ = {
			isa = PBXProject;
			attributes = {
				LastSwiftUpdateCheck = 0940;
				LastUpgradeCheck = 0940;
				ORGANIZATIONNAME = comp4097proj;
				TargetAttributes = {
					C72C5F6D219D8E7B00D3BA08 = {
						CreatedOnToolsVersion = 9.4.1;
						SystemCapabilities = {
							com.apple.Push = {
								enabled = 1;
							};
						};
					};
					C72C5F83219D8E7E00D3BA08 = {
						CreatedOnToolsVersion = 9.4.1;
						TestTargetID = C72C5F6D219D8E7B00D3BA08;
					};
					C72C5F8E219D8E7E00D3BA08 = {
						CreatedOnToolsVersion = 9.4.1;
						TestTargetID = C72C5F6D219D8E7B00D3BA08;
					};
				};
			};
			buildConfigurationList = C72C5F69219D8E7B00D3BA08 /* Build configuration list for PBXProject "bookExchangeApp" */;
			compatibilityVersion = "Xcode 9.3";
			developmentRegion = en;
			hasScannedForEncodings = 0;
			knownRegions = (
				en,
				Base,
			);
			mainGroup = C72C5F65219D8E7B00D3BA08;
			productRefGroup = C72C5F6F219D8E7B00D3BA08 /* Products */;
			projectDirPath = "";
			projectRoot = "";
			targets = (
				C72C5F6D219D8E7B00D3BA08 /* bookExchangeApp */,
				C72C5F83219D8E7E00D3BA08 /* bookExchangeAppTests */,
				C72C5F8E219D8E7E00D3BA08 /* bookExchangeAppUITests */,
			);
		};
/* End PBXProject section */

/* Begin PBXResourcesBuildPhase section */
		C72C5F6C219D8E7B00D3BA08 /* Resources */ = {
			isa = PBXResourcesBuildPhase;
			buildActionMask = 2147483647;
			files = (
				C72C5F7E219D8E7E00D3BA08 /* LaunchScreen.storyboard in Resources */,
				CDBD6453219E7D1500B238F6 /* GoogleService-Info.plist in Resources */,
				C72C5F7B219D8E7E00D3BA08 /* Assets.xcassets in Resources */,
				C72C5F79219D8E7B00D3BA08 /* Main.storyboard in Resources */,
			);
			runOnlyForDeploymentPostprocessing = 0;
		};
		C72C5F82219D8E7E00D3BA08 /* Resources */ = {
			isa = PBXResourcesBuildPhase;
			buildActionMask = 2147483647;
			files = (
			);
			runOnlyForDeploymentPostprocessing = 0;
		};
		C72C5F8D219D8E7E00D3BA08 /* Resources */ = {
			isa = PBXResourcesBuildPhase;
			buildActionMask = 2147483647;
			files = (
			);
			runOnlyForDeploymentPostprocessing = 0;
		};
/* End PBXResourcesBuildPhase section */

/* Begin PBXShellScriptBuildPhase section */
		786576EF128EEC9A8D90AC0A /* [CP] Check Pods Manifest.lock */ = {
			isa = PBXShellScriptBuildPhase;
			buildActionMask = 2147483647;
			files = (
			);
			inputPaths = (
				"${PODS_PODFILE_DIR_PATH}/Podfile.lock",
				"${PODS_ROOT}/Manifest.lock",
			);
			name = "[CP] Check Pods Manifest.lock";
			outputPaths = (
				"$(DERIVED_FILE_DIR)/Pods-bookExchangeAppTests-checkManifestLockResult.txt",
			);
			runOnlyForDeploymentPostprocessing = 0;
			shellPath = /bin/sh;
			shellScript = "diff \"${PODS_PODFILE_DIR_PATH}/Podfile.lock\" \"${PODS_ROOT}/Manifest.lock\" > /dev/null\nif [ $? != 0 ] ; then\n    # print error to STDERR\n    echo \"error: The sandbox is not in sync with the Podfile.lock. Run 'pod install' or update your CocoaPods installation.\" >&2\n    exit 1\nfi\n# This output is used by Xcode 'outputs' to avoid re-running this script phase.\necho \"SUCCESS\" > \"${SCRIPT_OUTPUT_FILE_0}\"\n";
			showEnvVarsInLog = 0;
		};
		82A961F1EC9DBD702EE2CE53 /* [CP] Embed Pods Frameworks */ = {
			isa = PBXShellScriptBuildPhase;
			buildActionMask = 2147483647;
			files = (
			);
			inputPaths = (
				"${SRCROOT}/Pods/Target Support Files/Pods-bookExchangeApp/Pods-bookExchangeApp-frameworks.sh",
				"${BUILT_PRODUCTS_DIR}/BoringSSL/openssl.framework",
				"${BUILT_PRODUCTS_DIR}/GTMSessionFetcher/GTMSessionFetcher.framework",
				"${BUILT_PRODUCTS_DIR}/GoogleUtilities/GoogleUtilities.framework",
				"${BUILT_PRODUCTS_DIR}/Protobuf/Protobuf.framework",
				"${BUILT_PRODUCTS_DIR}/gRPC/GRPCClient.framework",
				"${BUILT_PRODUCTS_DIR}/gRPC-C++/grpcpp.framework",
				"${BUILT_PRODUCTS_DIR}/gRPC-Core/grpc.framework",
				"${BUILT_PRODUCTS_DIR}/gRPC-ProtoRPC/ProtoRPC.framework",
				"${BUILT_PRODUCTS_DIR}/gRPC-RxLibrary/RxLibrary.framework",
				"${BUILT_PRODUCTS_DIR}/leveldb-library/leveldb.framework",
				"${BUILT_PRODUCTS_DIR}/nanopb/nanopb.framework",
			);
			name = "[CP] Embed Pods Frameworks";
			outputPaths = (
				"${TARGET_BUILD_DIR}/${FRAMEWORKS_FOLDER_PATH}/openssl.framework",
				"${TARGET_BUILD_DIR}/${FRAMEWORKS_FOLDER_PATH}/GTMSessionFetcher.framework",
				"${TARGET_BUILD_DIR}/${FRAMEWORKS_FOLDER_PATH}/GoogleUtilities.framework",
				"${TARGET_BUILD_DIR}/${FRAMEWORKS_FOLDER_PATH}/Protobuf.framework",
				"${TARGET_BUILD_DIR}/${FRAMEWORKS_FOLDER_PATH}/GRPCClient.framework",
				"${TARGET_BUILD_DIR}/${FRAMEWORKS_FOLDER_PATH}/grpcpp.framework",
				"${TARGET_BUILD_DIR}/${FRAMEWORKS_FOLDER_PATH}/grpc.framework",
				"${TARGET_BUILD_DIR}/${FRAMEWORKS_FOLDER_PATH}/ProtoRPC.framework",
				"${TARGET_BUILD_DIR}/${FRAMEWORKS_FOLDER_PATH}/RxLibrary.framework",
				"${TARGET_BUILD_DIR}/${FRAMEWORKS_FOLDER_PATH}/leveldb.framework",
				"${TARGET_BUILD_DIR}/${FRAMEWORKS_FOLDER_PATH}/nanopb.framework",
			);
			runOnlyForDeploymentPostprocessing = 0;
			shellPath = /bin/sh;
			shellScript = "\"${SRCROOT}/Pods/Target Support Files/Pods-bookExchangeApp/Pods-bookExchangeApp-frameworks.sh\"\n";
			showEnvVarsInLog = 0;
		};
		E151299D11062C145179B7EB /* [CP] Check Pods Manifest.lock */ = {
			isa = PBXShellScriptBuildPhase;
			buildActionMask = 2147483647;
			files = (
			);
			inputPaths = (
				"${PODS_PODFILE_DIR_PATH}/Podfile.lock",
				"${PODS_ROOT}/Manifest.lock",
			);
			name = "[CP] Check Pods Manifest.lock";
			outputPaths = (
				"$(DERIVED_FILE_DIR)/Pods-bookExchangeApp-checkManifestLockResult.txt",
			);
			runOnlyForDeploymentPostprocessing = 0;
			shellPath = /bin/sh;
			shellScript = "diff \"${PODS_PODFILE_DIR_PATH}/Podfile.lock\" \"${PODS_ROOT}/Manifest.lock\" > /dev/null\nif [ $? != 0 ] ; then\n    # print error to STDERR\n    echo \"error: The sandbox is not in sync with the Podfile.lock. Run 'pod install' or update your CocoaPods installation.\" >&2\n    exit 1\nfi\n# This output is used by Xcode 'outputs' to avoid re-running this script phase.\necho \"SUCCESS\" > \"${SCRIPT_OUTPUT_FILE_0}\"\n";
			showEnvVarsInLog = 0;
		};
		F641BCAEC7CBEC36C25F46F9 /* [CP] Check Pods Manifest.lock */ = {
			isa = PBXShellScriptBuildPhase;
			buildActionMask = 2147483647;
			files = (
			);
			inputPaths = (
				"${PODS_PODFILE_DIR_PATH}/Podfile.lock",
				"${PODS_ROOT}/Manifest.lock",
			);
			name = "[CP] Check Pods Manifest.lock";
			outputPaths = (
				"$(DERIVED_FILE_DIR)/Pods-bookExchangeAppUITests-checkManifestLockResult.txt",
			);
			runOnlyForDeploymentPostprocessing = 0;
			shellPath = /bin/sh;
			shellScript = "diff \"${PODS_PODFILE_DIR_PATH}/Podfile.lock\" \"${PODS_ROOT}/Manifest.lock\" > /dev/null\nif [ $? != 0 ] ; then\n    # print error to STDERR\n    echo \"error: The sandbox is not in sync with the Podfile.lock. Run 'pod install' or update your CocoaPods installation.\" >&2\n    exit 1\nfi\n# This output is used by Xcode 'outputs' to avoid re-running this script phase.\necho \"SUCCESS\" > \"${SCRIPT_OUTPUT_FILE_0}\"\n";
			showEnvVarsInLog = 0;
		};
/* End PBXShellScriptBuildPhase section */

/* Begin PBXSourcesBuildPhase section */
		C72C5F6A219D8E7B00D3BA08 /* Sources */ = {
			isa = PBXSourcesBuildPhase;
			buildActionMask = 2147483647;
			files = (
				CD68255321A7A2D3006D6765 /* LoginViewController.swift in Sources */,
				C7A5B1AF21A57BBD001BDA67 /* EventDetailViewController.swift in Sources */,
				C72C5F72219D8E7B00D3BA08 /* AppDelegate.swift in Sources */,
				C72C5FA2219D905800D3BA08 /* BookTableViewController.swift in Sources */,
				A306FEB721A44AE1003F2394 /* AccountTableViewController.swift in Sources */,
				C72C5FA4219D94FC00D3BA08 /* EventTableViewController.swift in Sources */,
				A3818E0A21AABBD40037F71A /* NotificationTableViewController.swift in Sources */,
				C7A5B1AD21A57042001BDA67 /* BookDetailViewController.swift in Sources */,
				C74D507321A962F600558F62 /* CommentTableViewController.swift in Sources */,
				CD68255121A7A197006D6765 /* BookListTableViewController.swift in Sources */,
				A318CC2321A8DF3300FF5468 /* AddNewBookViewController.swift in Sources */,
				A3A9D29421AC00A600B1D785 /* searchBookViewController.swift in Sources */,
				C7A5B1B121A5814A001BDA67 /* MapViewController.swift in Sources */,
			);
			runOnlyForDeploymentPostprocessing = 0;
		};
		C72C5F80219D8E7E00D3BA08 /* Sources */ = {
			isa = PBXSourcesBuildPhase;
			buildActionMask = 2147483647;
			files = (
				C72C5F89219D8E7E00D3BA08 /* bookExchangeAppTests.swift in Sources */,
			);
			runOnlyForDeploymentPostprocessing = 0;
		};
		C72C5F8B219D8E7E00D3BA08 /* Sources */ = {
			isa = PBXSourcesBuildPhase;
			buildActionMask = 2147483647;
			files = (
				C72C5F94219D8E7E00D3BA08 /* bookExchangeAppUITests.swift in Sources */,
			);
			runOnlyForDeploymentPostprocessing = 0;
		};
/* End PBXSourcesBuildPhase section */

/* Begin PBXTargetDependency section */
		C72C5F86219D8E7E00D3BA08 /* PBXTargetDependency */ = {
			isa = PBXTargetDependency;
			target = C72C5F6D219D8E7B00D3BA08 /* bookExchangeApp */;
			targetProxy = C72C5F85219D8E7E00D3BA08 /* PBXContainerItemProxy */;
		};
		C72C5F91219D8E7E00D3BA08 /* PBXTargetDependency */ = {
			isa = PBXTargetDependency;
			target = C72C5F6D219D8E7B00D3BA08 /* bookExchangeApp */;
			targetProxy = C72C5F90219D8E7E00D3BA08 /* PBXContainerItemProxy */;
		};
/* End PBXTargetDependency section */

/* Begin PBXVariantGroup section */
		C72C5F77219D8E7B00D3BA08 /* Main.storyboard */ = {
			isa = PBXVariantGroup;
			children = (
				C72C5F78219D8E7B00D3BA08 /* Base */,
			);
			name = Main.storyboard;
			sourceTree = "<group>";
		};
		C72C5F7C219D8E7E00D3BA08 /* LaunchScreen.storyboard */ = {
			isa = PBXVariantGroup;
			children = (
				C72C5F7D219D8E7E00D3BA08 /* Base */,
			);
			name = LaunchScreen.storyboard;
			sourceTree = "<group>";
		};
/* End PBXVariantGroup section */

/* Begin XCBuildConfiguration section */
		C72C5F96219D8E7E00D3BA08 /* Debug */ = {
			isa = XCBuildConfiguration;
			buildSettings = {
				ALWAYS_SEARCH_USER_PATHS = NO;
				CLANG_ANALYZER_NONNULL = YES;
				CLANG_ANALYZER_NUMBER_OBJECT_CONVERSION = YES_AGGRESSIVE;
				CLANG_CXX_LANGUAGE_STANDARD = "gnu++14";
				CLANG_CXX_LIBRARY = "libc++";
				CLANG_ENABLE_MODULES = YES;
				CLANG_ENABLE_OBJC_ARC = YES;
				CLANG_ENABLE_OBJC_WEAK = YES;
				CLANG_WARN_BLOCK_CAPTURE_AUTORELEASING = YES;
				CLANG_WARN_BOOL_CONVERSION = YES;
				CLANG_WARN_COMMA = YES;
				CLANG_WARN_CONSTANT_CONVERSION = YES;
				CLANG_WARN_DEPRECATED_OBJC_IMPLEMENTATIONS = YES;
				CLANG_WARN_DIRECT_OBJC_ISA_USAGE = YES_ERROR;
				CLANG_WARN_DOCUMENTATION_COMMENTS = YES;
				CLANG_WARN_EMPTY_BODY = YES;
				CLANG_WARN_ENUM_CONVERSION = YES;
				CLANG_WARN_INFINITE_RECURSION = YES;
				CLANG_WARN_INT_CONVERSION = YES;
				CLANG_WARN_NON_LITERAL_NULL_CONVERSION = YES;
				CLANG_WARN_OBJC_IMPLICIT_RETAIN_SELF = YES;
				CLANG_WARN_OBJC_LITERAL_CONVERSION = YES;
				CLANG_WARN_OBJC_ROOT_CLASS = YES_ERROR;
				CLANG_WARN_RANGE_LOOP_ANALYSIS = YES;
				CLANG_WARN_STRICT_PROTOTYPES = YES;
				CLANG_WARN_SUSPICIOUS_MOVE = YES;
				CLANG_WARN_UNGUARDED_AVAILABILITY = YES_AGGRESSIVE;
				CLANG_WARN_UNREACHABLE_CODE = YES;
				CLANG_WARN__DUPLICATE_METHOD_MATCH = YES;
				CODE_SIGN_IDENTITY = "iPhone Developer";
				COPY_PHASE_STRIP = NO;
				DEBUG_INFORMATION_FORMAT = dwarf;
				ENABLE_STRICT_OBJC_MSGSEND = YES;
				ENABLE_TESTABILITY = YES;
				GCC_C_LANGUAGE_STANDARD = gnu11;
				GCC_DYNAMIC_NO_PIC = NO;
				GCC_NO_COMMON_BLOCKS = YES;
				GCC_OPTIMIZATION_LEVEL = 0;
				GCC_PREPROCESSOR_DEFINITIONS = (
					"DEBUG=1",
					"$(inherited)",
				);
				GCC_WARN_64_TO_32_BIT_CONVERSION = YES;
				GCC_WARN_ABOUT_RETURN_TYPE = YES_ERROR;
				GCC_WARN_UNDECLARED_SELECTOR = YES;
				GCC_WARN_UNINITIALIZED_AUTOS = YES_AGGRESSIVE;
				GCC_WARN_UNUSED_FUNCTION = YES;
				GCC_WARN_UNUSED_VARIABLE = YES;
				IPHONEOS_DEPLOYMENT_TARGET = 11.4;
				MTL_ENABLE_DEBUG_INFO = YES;
				ONLY_ACTIVE_ARCH = YES;
				SDKROOT = iphoneos;
				SWIFT_ACTIVE_COMPILATION_CONDITIONS = DEBUG;
				SWIFT_OPTIMIZATION_LEVEL = "-Onone";
			};
			name = Debug;
		};
		C72C5F97219D8E7E00D3BA08 /* Release */ = {
			isa = XCBuildConfiguration;
			buildSettings = {
				ALWAYS_SEARCH_USER_PATHS = NO;
				CLANG_ANALYZER_NONNULL = YES;
				CLANG_ANALYZER_NUMBER_OBJECT_CONVERSION = YES_AGGRESSIVE;
				CLANG_CXX_LANGUAGE_STANDARD = "gnu++14";
				CLANG_CXX_LIBRARY = "libc++";
				CLANG_ENABLE_MODULES = YES;
				CLANG_ENABLE_OBJC_ARC = YES;
				CLANG_ENABLE_OBJC_WEAK = YES;
				CLANG_WARN_BLOCK_CAPTURE_AUTORELEASING = YES;
				CLANG_WARN_BOOL_CONVERSION = YES;
				CLANG_WARN_COMMA = YES;
				CLANG_WARN_CONSTANT_CONVERSION = YES;
				CLANG_WARN_DEPRECATED_OBJC_IMPLEMENTATIONS = YES;
				CLANG_WARN_DIRECT_OBJC_ISA_USAGE = YES_ERROR;
				CLANG_WARN_DOCUMENTATION_COMMENTS = YES;
				CLANG_WARN_EMPTY_BODY = YES;
				CLANG_WARN_ENUM_CONVERSION = YES;
				CLANG_WARN_INFINITE_RECURSION = YES;
				CLANG_WARN_INT_CONVERSION = YES;
				CLANG_WARN_NON_LITERAL_NULL_CONVERSION = YES;
				CLANG_WARN_OBJC_IMPLICIT_RETAIN_SELF = YES;
				CLANG_WARN_OBJC_LITERAL_CONVERSION = YES;
				CLANG_WARN_OBJC_ROOT_CLASS = YES_ERROR;
				CLANG_WARN_RANGE_LOOP_ANALYSIS = YES;
				CLANG_WARN_STRICT_PROTOTYPES = YES;
				CLANG_WARN_SUSPICIOUS_MOVE = YES;
				CLANG_WARN_UNGUARDED_AVAILABILITY = YES_AGGRESSIVE;
				CLANG_WARN_UNREACHABLE_CODE = YES;
				CLANG_WARN__DUPLICATE_METHOD_MATCH = YES;
				CODE_SIGN_IDENTITY = "iPhone Developer";
				COPY_PHASE_STRIP = NO;
				DEBUG_INFORMATION_FORMAT = "dwarf-with-dsym";
				ENABLE_NS_ASSERTIONS = NO;
				ENABLE_STRICT_OBJC_MSGSEND = YES;
				GCC_C_LANGUAGE_STANDARD = gnu11;
				GCC_NO_COMMON_BLOCKS = YES;
				GCC_WARN_64_TO_32_BIT_CONVERSION = YES;
				GCC_WARN_ABOUT_RETURN_TYPE = YES_ERROR;
				GCC_WARN_UNDECLARED_SELECTOR = YES;
				GCC_WARN_UNINITIALIZED_AUTOS = YES_AGGRESSIVE;
				GCC_WARN_UNUSED_FUNCTION = YES;
				GCC_WARN_UNUSED_VARIABLE = YES;
				IPHONEOS_DEPLOYMENT_TARGET = 11.4;
				MTL_ENABLE_DEBUG_INFO = NO;
				SDKROOT = iphoneos;
				SWIFT_COMPILATION_MODE = wholemodule;
				SWIFT_OPTIMIZATION_LEVEL = "-O";
				VALIDATE_PRODUCT = YES;
			};
			name = Release;
		};
		C72C5F99219D8E7E00D3BA08 /* Debug */ = {
			isa = XCBuildConfiguration;
			baseConfigurationReference = 488CCD8084BC1D3E21A6482D /* Pods-bookExchangeApp.debug.xcconfig */;
			buildSettings = {
				ASSETCATALOG_COMPILER_APPICON_NAME = AppIcon;
				CODE_SIGN_ENTITLEMENTS = bookExchangeApp/bookExchangeApp.entitlements;
				CODE_SIGN_STYLE = Automatic;
				DEVELOPMENT_TEAM = 7YM3HLS8F2;
				INFOPLIST_FILE = bookExchangeApp/Info.plist;
				LD_RUNPATH_SEARCH_PATHS = (
					"$(inherited)",
					"@executable_path/Frameworks",
				);
				PRODUCT_BUNDLE_IDENTIFIER = com.4097proj.bookExchangeApp;
				PRODUCT_NAME = "$(TARGET_NAME)";
				SWIFT_VERSION = 4.0;
				TARGETED_DEVICE_FAMILY = 1;
			};
			name = Debug;
		};
		C72C5F9A219D8E7E00D3BA08 /* Release */ = {
			isa = XCBuildConfiguration;
			baseConfigurationReference = B9DF8C0D4685C5DD782BC9FD /* Pods-bookExchangeApp.release.xcconfig */;
			buildSettings = {
				ASSETCATALOG_COMPILER_APPICON_NAME = AppIcon;
				CODE_SIGN_ENTITLEMENTS = bookExchangeApp/bookExchangeApp.entitlements;
				CODE_SIGN_STYLE = Automatic;
				DEVELOPMENT_TEAM = 7YM3HLS8F2;
				INFOPLIST_FILE = bookExchangeApp/Info.plist;
				LD_RUNPATH_SEARCH_PATHS = (
					"$(inherited)",
					"@executable_path/Frameworks",
				);
				PRODUCT_BUNDLE_IDENTIFIER = com.4097proj.bookExchangeApp;
				PRODUCT_NAME = "$(TARGET_NAME)";
				SWIFT_VERSION = 4.0;
				TARGETED_DEVICE_FAMILY = 1;
			};
			name = Release;
		};
		C72C5F9C219D8E7E00D3BA08 /* Debug */ = {
			isa = XCBuildConfiguration;
			baseConfigurationReference = 1951B5D441523E723ACDEDAE /* Pods-bookExchangeAppTests.debug.xcconfig */;
			buildSettings = {
				ALWAYS_EMBED_SWIFT_STANDARD_LIBRARIES = YES;
				BUNDLE_LOADER = "$(TEST_HOST)";
				CODE_SIGN_STYLE = Automatic;
				INFOPLIST_FILE = bookExchangeAppTests/Info.plist;
				LD_RUNPATH_SEARCH_PATHS = (
					"$(inherited)",
					"@executable_path/Frameworks",
					"@loader_path/Frameworks",
				);
				PRODUCT_BUNDLE_IDENTIFIER = com.4097proj.bookExchangeAppTests;
				PRODUCT_NAME = "$(TARGET_NAME)";
				SWIFT_VERSION = 4.0;
				TARGETED_DEVICE_FAMILY = "1,2";
				TEST_HOST = "$(BUILT_PRODUCTS_DIR)/bookExchangeApp.app/bookExchangeApp";
			};
			name = Debug;
		};
		C72C5F9D219D8E7E00D3BA08 /* Release */ = {
			isa = XCBuildConfiguration;
			baseConfigurationReference = B769C1B0A493C1E1C7406B1A /* Pods-bookExchangeAppTests.release.xcconfig */;
			buildSettings = {
				ALWAYS_EMBED_SWIFT_STANDARD_LIBRARIES = YES;
				BUNDLE_LOADER = "$(TEST_HOST)";
				CODE_SIGN_STYLE = Automatic;
				INFOPLIST_FILE = bookExchangeAppTests/Info.plist;
				LD_RUNPATH_SEARCH_PATHS = (
					"$(inherited)",
					"@executable_path/Frameworks",
					"@loader_path/Frameworks",
				);
				PRODUCT_BUNDLE_IDENTIFIER = com.4097proj.bookExchangeAppTests;
				PRODUCT_NAME = "$(TARGET_NAME)";
				SWIFT_VERSION = 4.0;
				TARGETED_DEVICE_FAMILY = "1,2";
				TEST_HOST = "$(BUILT_PRODUCTS_DIR)/bookExchangeApp.app/bookExchangeApp";
			};
			name = Release;
		};
		C72C5F9F219D8E7E00D3BA08 /* Debug */ = {
			isa = XCBuildConfiguration;
			baseConfigurationReference = 22C5A0CFEDA84BE2AE30A532 /* Pods-bookExchangeAppUITests.debug.xcconfig */;
			buildSettings = {
				ALWAYS_EMBED_SWIFT_STANDARD_LIBRARIES = YES;
				CODE_SIGN_STYLE = Automatic;
				INFOPLIST_FILE = bookExchangeAppUITests/Info.plist;
				LD_RUNPATH_SEARCH_PATHS = (
					"$(inherited)",
					"@executable_path/Frameworks",
					"@loader_path/Frameworks",
				);
				PRODUCT_BUNDLE_IDENTIFIER = com.4097proj.bookExchangeAppUITests;
				PRODUCT_NAME = "$(TARGET_NAME)";
				SWIFT_VERSION = 4.0;
				TARGETED_DEVICE_FAMILY = "1,2";
				TEST_TARGET_NAME = bookExchangeApp;
			};
			name = Debug;
		};
		C72C5FA0219D8E7E00D3BA08 /* Release */ = {
			isa = XCBuildConfiguration;
			baseConfigurationReference = 169E12D62B6DAC2BBE12C9EC /* Pods-bookExchangeAppUITests.release.xcconfig */;
			buildSettings = {
				ALWAYS_EMBED_SWIFT_STANDARD_LIBRARIES = YES;
				CODE_SIGN_STYLE = Automatic;
				INFOPLIST_FILE = bookExchangeAppUITests/Info.plist;
				LD_RUNPATH_SEARCH_PATHS = (
					"$(inherited)",
					"@executable_path/Frameworks",
					"@loader_path/Frameworks",
				);
				PRODUCT_BUNDLE_IDENTIFIER = com.4097proj.bookExchangeAppUITests;
				PRODUCT_NAME = "$(TARGET_NAME)";
				SWIFT_VERSION = 4.0;
				TARGETED_DEVICE_FAMILY = "1,2";
				TEST_TARGET_NAME = bookExchangeApp;
			};
			name = Release;
		};
/* End XCBuildConfiguration section */

/* Begin XCConfigurationList section */
		C72C5F69219D8E7B00D3BA08 /* Build configuration list for PBXProject "bookExchangeApp" */ = {
			isa = XCConfigurationList;
			buildConfigurations = (
				C72C5F96219D8E7E00D3BA08 /* Debug */,
				C72C5F97219D8E7E00D3BA08 /* Release */,
			);
			defaultConfigurationIsVisible = 0;
			defaultConfigurationName = Release;
		};
		C72C5F98219D8E7E00D3BA08 /* Build configuration list for PBXNativeTarget "bookExchangeApp" */ = {
			isa = XCConfigurationList;
			buildConfigurations = (
				C72C5F99219D8E7E00D3BA08 /* Debug */,
				C72C5F9A219D8E7E00D3BA08 /* Release */,
			);
			defaultConfigurationIsVisible = 0;
			defaultConfigurationName = Release;
		};
		C72C5F9B219D8E7E00D3BA08 /* Build configuration list for PBXNativeTarget "bookExchangeAppTests" */ = {
			isa = XCConfigurationList;
			buildConfigurations = (
				C72C5F9C219D8E7E00D3BA08 /* Debug */,
				C72C5F9D219D8E7E00D3BA08 /* Release */,
			);
			defaultConfigurationIsVisible = 0;
			defaultConfigurationName = Release;
		};
		C72C5F9E219D8E7E00D3BA08 /* Build configuration list for PBXNativeTarget "bookExchangeAppUITests" */ = {
			isa = XCConfigurationList;
			buildConfigurations = (
				C72C5F9F219D8E7E00D3BA08 /* Debug */,
				C72C5FA0219D8E7E00D3BA08 /* Release */,
			);
			defaultConfigurationIsVisible = 0;
			defaultConfigurationName = Release;
		};
/* End XCConfigurationList section */
	};
	rootObject = C72C5F66219D8E7B00D3BA08 /* Project object */;
}
